
Microsoft Visual Studio Solution File, Format Version 12.00
# Visual Studio Version 16
VisualStudioVersion = 25.0.1706.11
MinimumVisualStudioVersion = 10.0.40219.1
Project("{FAE04EC0-301F-11D3-BF4B-00C04F79EFBC}") = "backend", "backend\backend.csproj", "{CF9BDA67-A715-434A-B848-83EACEC74B0B}"
EndProject
Project("{FAE04EC0-301F-11D3-BF4B-00C04F79EFBC}") = "frontend", "frontend\frontend.csproj", "{55078DB9-9B30-4A3E-AB12-DE1F936EDD73}"
EndProject
Global
	GlobalSection(SolutionConfigurationPlatforms) = preSolution
		Debug|Any CPU = Debug|Any CPU
		Release|Any CPU = Release|Any CPU
	EndGlobalSection
	GlobalSection(ProjectConfigurationPlatforms) = postSolution
		{CF9BDA67-A715-434A-B848-83EACEC74B0B}.Debug|Any CPU.ActiveCfg = Debug|Any CPU
		{CF9BDA67-A715-434A-B848-83EACEC74B0B}.Debug|Any CPU.Build.0 = Debug|Any CPU
		{CF9BDA67-A715-434A-B848-83EACEC74B0B}.Release|Any CPU.ActiveCfg = Release|Any CPU
		{CF9BDA67-A715-434A-B848-83EACEC74B0B}.Release|Any CPU.Build.0 = Release|Any CPU
		{55078DB9-9B30-4A3E-AB12-DE1F936EDD73}.Debug|Any CPU.ActiveCfg = Debug|Any CPU
		{55078DB9-9B30-4A3E-AB12-DE1F936EDD73}.Debug|Any CPU.Build.0 = Debug|Any CPU
		{55078DB9-9B30-4A3E-AB12-DE1F936EDD73}.Release|Any CPU.ActiveCfg = Release|Any CPU
		{55078DB9-9B30-4A3E-AB12-DE1F936EDD73}.Release|Any CPU.Build.0 = Release|Any CPU
	EndGlobalSection
	GlobalSection(SolutionProperties) = preSolution
		HideSolutionNode = FALSE
	EndGlobalSection
	GlobalSection(ExtensibilityGlobals) = postSolution
		SolutionGuid = {C8E3CDF3-2F60-4484-B748-F95C7557CE24}
	EndGlobalSection
	GlobalSection(MonoDevelopProperties) = preSolution
		Policies = $0
		$0.DotNetNamingPolicy = $1
		$1.DirectoryNamespaceAssociation = PrefixedHierarchical
		$0.StandardHeader = $2
	EndGlobalSection
EndGlobal
